
Microsoft Visual Studio Solution File, Format Version 12.00
# Visual Studio Version 17
VisualStudioVersion = 17.8.34330.188
MinimumVisualStudioVersion = 10.0.40219.1
Project("{9A19103F-16F7-4668-BE54-9A1E7A4F7556}") = "SimpleATMSoftware", "SimpleATMSoftware\SimpleATMSoftware.csproj", "{D32BCA5E-323C-4CE9-B681-5182FC61B66C}"
EndProject
Project("{9A19103F-16F7-4668-BE54-9A1E7A4F7556}") = "CoreBankingSystem.DAL", "CoreBankingSystem.DAL\CoreBankingSystem.DAL.csproj", "{B0D17F50-CC8C-4B78-A358-DF79D642A9A1}"
EndProject
Project("{FAE04EC0-301F-11D3-BF4B-00C04F79EFBC}") = "CoreBankingSystem.BLL", "CoreBankingSystem.BLL\CoreBankingSystem.BLL.csproj", "{D3D8FF20-D117-4DAA-9B44-2BA345334402}"
EndProject
Project("{FAE04EC0-301F-11D3-BF4B-00C04F79EFBC}") = "CoreBankingSystem.CMD", "CoreBankingSystem.CMD\CoreBankingSystem.CMD.csproj", "{0E7127A4-AB67-46EF-ABFA-BDF82A3D3C09}"
EndProject
Project("{2150E333-8FDC-42A3-9474-1A3956D46DE8}") = "SQL", "SQL", "{1A4D1BA4-7798-4B01-BC42-C67E3BAA0A0D}"
EndProject
Project("{2150E333-8FDC-42A3-9474-1A3956D46DE8}") = "Tables", "Tables", "{1609F373-4765-4D0E-ADA3-21A8D0D156F3}"
	ProjectSection(SolutionItems) = preProject
		CreateTables.sql = CreateTables.sql
		DropTables.sql = DropTables.sql
		GetAccounts.sql = GetAccounts.sql
		InsertData.sql = InsertData.sql
	EndProjectSection
EndProject
Global
	GlobalSection(SolutionConfigurationPlatforms) = preSolution
		Debug|Any CPU = Debug|Any CPU
		Release|Any CPU = Release|Any CPU
	EndGlobalSection
	GlobalSection(ProjectConfigurationPlatforms) = postSolution
		{D32BCA5E-323C-4CE9-B681-5182FC61B66C}.Debug|Any CPU.ActiveCfg = Debug|Any CPU
		{D32BCA5E-323C-4CE9-B681-5182FC61B66C}.Debug|Any CPU.Build.0 = Debug|Any CPU
		{D32BCA5E-323C-4CE9-B681-5182FC61B66C}.Release|Any CPU.ActiveCfg = Release|Any CPU
		{D32BCA5E-323C-4CE9-B681-5182FC61B66C}.Release|Any CPU.Build.0 = Release|Any CPU
		{B0D17F50-CC8C-4B78-A358-DF79D642A9A1}.Debug|Any CPU.ActiveCfg = Debug|Any CPU
		{B0D17F50-CC8C-4B78-A358-DF79D642A9A1}.Debug|Any CPU.Build.0 = Debug|Any CPU
		{B0D17F50-CC8C-4B78-A358-DF79D642A9A1}.Release|Any CPU.ActiveCfg = Release|Any CPU
		{B0D17F50-CC8C-4B78-A358-DF79D642A9A1}.Release|Any CPU.Build.0 = Release|Any CPU
		{D3D8FF20-D117-4DAA-9B44-2BA345334402}.Debug|Any CPU.ActiveCfg = Debug|Any CPU
		{D3D8FF20-D117-4DAA-9B44-2BA345334402}.Debug|Any CPU.Build.0 = Debug|Any CPU
		{D3D8FF20-D117-4DAA-9B44-2BA345334402}.Release|Any CPU.ActiveCfg = Release|Any CPU
		{D3D8FF20-D117-4DAA-9B44-2BA345334402}.Release|Any CPU.Build.0 = Release|Any CPU
		{0E7127A4-AB67-46EF-ABFA-BDF82A3D3C09}.Debug|Any CPU.ActiveCfg = Debug|Any CPU
		{0E7127A4-AB67-46EF-ABFA-BDF82A3D3C09}.Debug|Any CPU.Build.0 = Debug|Any CPU
		{0E7127A4-AB67-46EF-ABFA-BDF82A3D3C09}.Release|Any CPU.ActiveCfg = Release|Any CPU
		{0E7127A4-AB67-46EF-ABFA-BDF82A3D3C09}.Release|Any CPU.Build.0 = Release|Any CPU
	EndGlobalSection
	GlobalSection(SolutionProperties) = preSolution
		HideSolutionNode = FALSE
	EndGlobalSection
	GlobalSection(NestedProjects) = preSolution
		{1609F373-4765-4D0E-ADA3-21A8D0D156F3} = {1A4D1BA4-7798-4B01-BC42-C67E3BAA0A0D}
	EndGlobalSection
	GlobalSection(ExtensibilityGlobals) = postSolution
		SolutionGuid = {0ECD39CF-1087-476E-BD41-7C162CE1EE8A}
	EndGlobalSection
EndGlobal
